// !$*UTF8*$!
{
	archiveVersion = 1;
	classes = {
	};
	objectVersion = 50;
	objects = {

/* Begin PBXBuildFile section */
		18F1898B22AAFA4A0028314F /* AppDelegate.swift in Sources */ = {isa = PBXBuildFile; fileRef = 18F1898A22AAFA4A0028314F /* AppDelegate.swift */; };
		18F1898D22AAFA4A0028314F /* ViewController.swift in Sources */ = {isa = PBXBuildFile; fileRef = 18F1898C22AAFA4A0028314F /* ViewController.swift */; };
		18F1899022AAFA4A0028314F /* Main.storyboard in Resources */ = {isa = PBXBuildFile; fileRef = 18F1898E22AAFA4A0028314F /* Main.storyboard */; };
		18F1899222AAFA4B0028314F /* Assets.xcassets in Resources */ = {isa = PBXBuildFile; fileRef = 18F1899122AAFA4B0028314F /* Assets.xcassets */; };
		18F1899522AAFA4B0028314F /* LaunchScreen.storyboard in Resources */ = {isa = PBXBuildFile; fileRef = 18F1899322AAFA4B0028314F /* LaunchScreen.storyboard */; };
		18F189A022AAFA4C0028314F /* emojinalTests.swift in Sources */ = {isa = PBXBuildFile; fileRef = 18F1899F22AAFA4C0028314F /* emojinalTests.swift */; };
		18F189AB22AAFA4C0028314F /* emojinalUITests.swift in Sources */ = {isa = PBXBuildFile; fileRef = 18F189AA22AAFA4C0028314F /* emojinalUITests.swift */; };
/* End PBXBuildFile section */

/* Begin PBXContainerItemProxy section */
		18F1899C22AAFA4B0028314F /* PBXContainerItemProxy */ = {
			isa = PBXContainerItemProxy;
			containerPortal = 18F1897F22AAFA4A0028314F /* Project object */;
			proxyType = 1;
			remoteGlobalIDString = 18F1898622AAFA4A0028314F;
			remoteInfo = emojinal;
		};
		18F189A722AAFA4C0028314F /* PBXContainerItemProxy */ = {
			isa = PBXContainerItemProxy;
			containerPortal = 18F1897F22AAFA4A0028314F /* Project object */;
			proxyType = 1;
			remoteGlobalIDString = 18F1898622AAFA4A0028314F;
			remoteInfo = emojinal;
		};
/* End PBXContainerItemProxy section */

/* Begin PBXFileReference section */
		18F1898722AAFA4A0028314F /* emojinal.app */ = {isa = PBXFileReference; explicitFileType = wrapper.application; includeInIndex = 0; path = emojinal.app; sourceTree = BUILT_PRODUCTS_DIR; };
		18F1898A22AAFA4A0028314F /* AppDelegate.swift */ = {isa = PBXFileReference; lastKnownFileType = sourcecode.swift; path = AppDelegate.swift; sourceTree = "<group>"; };
		18F1898C22AAFA4A0028314F /* ViewController.swift */ = {isa = PBXFileReference; lastKnownFileType = sourcecode.swift; path = ViewController.swift; sourceTree = "<group>"; };
		18F1898F22AAFA4A0028314F /* Base */ = {isa = PBXFileReference; lastKnownFileType = file.storyboard; name = Base; path = Base.lproj/Main.storyboard; sourceTree = "<group>"; };
		18F1899122AAFA4B0028314F /* Assets.xcassets */ = {isa = PBXFileReference; lastKnownFileType = folder.assetcatalog; path = Assets.xcassets; sourceTree = "<group>"; };
		18F1899422AAFA4B0028314F /* Base */ = {isa = PBXFileReference; lastKnownFileType = file.storyboard; name = Base; path = Base.lproj/LaunchScreen.storyboard; sourceTree = "<group>"; };
		18F1899622AAFA4B0028314F /* Info.plist */ = {isa = PBXFileReference; lastKnownFileType = text.plist.xml; path = Info.plist; sourceTree = "<group>"; };
		18F1899B22AAFA4B0028314F /* emojinalTests.xctest */ = {isa = PBXFileReference; explicitFileType = wrapper.cfbundle; includeInIndex = 0; path = emojinalTests.xctest; sourceTree = BUILT_PRODUCTS_DIR; };
		18F1899F22AAFA4C0028314F /* emojinalTests.swift */ = {isa = PBXFileReference; lastKnownFileType = sourcecode.swift; path = emojinalTests.swift; sourceTree = "<group>"; };
		18F189A122AAFA4C0028314F /* Info.plist */ = {isa = PBXFileReference; lastKnownFileType = text.plist.xml; path = Info.plist; sourceTree = "<group>"; };
		18F189A622AAFA4C0028314F /* emojinalUITests.xctest */ = {isa = PBXFileReference; explicitFileType = wrapper.cfbundle; includeInIndex = 0; path = emojinalUITests.xctest; sourceTree = BUILT_PRODUCTS_DIR; };
		18F189AA22AAFA4C0028314F /* emojinalUITests.swift */ = {isa = PBXFileReference; lastKnownFileType = sourcecode.swift; path = emojinalUITests.swift; sourceTree = "<group>"; };
		18F189AC22AAFA4C0028314F /* Info.plist */ = {isa = PBXFileReference; lastKnownFileType = text.plist.xml; path = Info.plist; sourceTree = "<group>"; };
/* End PBXFileReference section */

/* Begin PBXFrameworksBuildPhase section */
		18F1898422AAFA4A0028314F /* Frameworks */ = {
			isa = PBXFrameworksBuildPhase;
			buildActionMask = 2147483647;
			files = (
			);
			runOnlyForDeploymentPostprocessing = 0;
		};
		18F1899822AAFA4B0028314F /* Frameworks */ = {
			isa = PBXFrameworksBuildPhase;
			buildActionMask = 2147483647;
			files = (
			);
			runOnlyForDeploymentPostprocessing = 0;
		};
		18F189A322AAFA4C0028314F /* Frameworks */ = {
			isa = PBXFrameworksBuildPhase;
			buildActionMask = 2147483647;
			files = (
			);
			runOnlyForDeploymentPostprocessing = 0;
		};
/* End PBXFrameworksBuildPhase section */

/* Begin PBXGroup section */
		18F1897E22AAFA4A0028314F = {
			isa = PBXGroup;
			children = (
				18F1898922AAFA4A0028314F /* emojinal */,
				18F1899E22AAFA4C0028314F /* emojinalTests */,
				18F189A922AAFA4C0028314F /* emojinalUITests */,
				18F1898822AAFA4A0028314F /* Products */,
			);
			sourceTree = "<group>";
		};
		18F1898822AAFA4A0028314F /* Products */ = {
			isa = PBXGroup;
			children = (
				18F1898722AAFA4A0028314F /* emojinal.app */,
				18F1899B22AAFA4B0028314F /* emojinalTests.xctest */,
				18F189A622AAFA4C0028314F /* emojinalUITests.xctest */,
			);
			name = Products;
			sourceTree = "<group>";
		};
		18F1898922AAFA4A0028314F /* emojinal */ = {
			isa = PBXGroup;
			children = (
				18F1898A22AAFA4A0028314F /* AppDelegate.swift */,
				18F1898C22AAFA4A0028314F /* ViewController.swift */,
				18F1898E22AAFA4A0028314F /* Main.storyboard */,
				18F1899122AAFA4B0028314F /* Assets.xcassets */,
				18F1899322AAFA4B0028314F /* LaunchScreen.storyboard */,
				18F1899622AAFA4B0028314F /* Info.plist */,
			);
			path = emojinal;
			sourceTree = "<group>";
		};
		18F1899E22AAFA4C0028314F /* emojinalTests */ = {
			isa = PBXGroup;
			children = (
				18F1899F22AAFA4C0028314F /* emojinalTests.swift */,
				18F189A122AAFA4C0028314F /* Info.plist */,
			);
			path = emojinalTests;
			sourceTree = "<group>";
		};
		18F189A922AAFA4C0028314F /* emojinalUITests */ = {
			isa = PBXGroup;
			children = (
				18F189AA22AAFA4C0028314F /* emojinalUITests.swift */,
				18F189AC22AAFA4C0028314F /* Info.plist */,
			);
			path = emojinalUITests;
			sourceTree = "<group>";
		};
/* End PBXGroup section */

/* Begin PBXNativeTarget section */
		18F1898622AAFA4A0028314F /* emojinal */ = {
			isa = PBXNativeTarget;
			buildConfigurationList = 18F189AF22AAFA4C0028314F /* Build configuration list for PBXNativeTarget "emojinal" */;
			buildPhases = (
				18F1898322AAFA4A0028314F /* Sources */,
				18F1898422AAFA4A0028314F /* Frameworks */,
				18F1898522AAFA4A0028314F /* Resources */,
			);
			buildRules = (
			);
			dependencies = (
			);
			name = emojinal;
			productName = emojinal;
			productReference = 18F1898722AAFA4A0028314F /* emojinal.app */;
			productType = "com.apple.product-type.application";
		};
		18F1899A22AAFA4B0028314F /* emojinalTests */ = {
			isa = PBXNativeTarget;
			buildConfigurationList = 18F189B222AAFA4C0028314F /* Build configuration list for PBXNativeTarget "emojinalTests" */;
			buildPhases = (
				18F1899722AAFA4B0028314F /* Sources */,
				18F1899822AAFA4B0028314F /* Frameworks */,
				18F1899922AAFA4B0028314F /* Resources */,
			);
			buildRules = (
			);
			dependencies = (
				18F1899D22AAFA4B0028314F /* PBXTargetDependency */,
			);
			name = emojinalTests;
			productName = emojinalTests;
			productReference = 18F1899B22AAFA4B0028314F /* emojinalTests.xctest */;
			productType = "com.apple.product-type.bundle.unit-test";
		};
		18F189A522AAFA4C0028314F /* emojinalUITests */ = {
			isa = PBXNativeTarget;
			buildConfigurationList = 18F189B522AAFA4C0028314F /* Build configuration list for PBXNativeTarget "emojinalUITests" */;
			buildPhases = (
				18F189A222AAFA4C0028314F /* Sources */,
				18F189A322AAFA4C0028314F /* Frameworks */,
				18F189A422AAFA4C0028314F /* Resources */,
			);
			buildRules = (
			);
			dependencies = (
				18F189A822AAFA4C0028314F /* PBXTargetDependency */,
			);
			name = emojinalUITests;
			productName = emojinalUITests;
			productReference = 18F189A622AAFA4C0028314F /* emojinalUITests.xctest */;
			productType = "com.apple.product-type.bundle.ui-testing";
		};
/* End PBXNativeTarget section */

/* Begin PBXProject section */
		18F1897F22AAFA4A0028314F /* Project object */ = {
			isa = PBXProject;
			attributes = {
				LastSwiftUpdateCheck = 1020;
				LastUpgradeCheck = 1020;
				ORGANIZATIONNAME = Apple;
				TargetAttributes = {
					18F1898622AAFA4A0028314F = {
						CreatedOnToolsVersion = 10.2.1;
					};
					18F1899A22AAFA4B0028314F = {
						CreatedOnToolsVersion = 10.2.1;
						TestTargetID = 18F1898622AAFA4A0028314F;
					};
					18F189A522AAFA4C0028314F = {
						CreatedOnToolsVersion = 10.2.1;
						TestTargetID = 18F1898622AAFA4A0028314F;
					};
				};
			};
			buildConfigurationList = 18F1898222AAFA4A0028314F /* Build configuration list for PBXProject "emojinal" */;
			compatibilityVersion = "Xcode 9.3";
			developmentRegion = en;
			hasScannedForEncodings = 0;
			knownRegions = (
				en,
				Base,
			);
			mainGroup = 18F1897E22AAFA4A0028314F;
			productRefGroup = 18F1898822AAFA4A0028314F /* Products */;
			projectDirPath = "";
			projectRoot = "";
			targets = (
				18F1898622AAFA4A0028314F /* emojinal */,
				18F1899A22AAFA4B0028314F /* emojinalTests */,
				18F189A522AAFA4C0028314F /* emojinalUITests */,
			);
		};
/* End PBXProject section */

/* Begin PBXResourcesBuildPhase section */
		18F1898522AAFA4A0028314F /* Resources */ = {
			isa = PBXResourcesBuildPhase;
			buildActionMask = 2147483647;
			files = (
				18F1899522AAFA4B0028314F /* LaunchScreen.storyboard in Resources */,
				18F1899222AAFA4B0028314F /* Assets.xcassets in Resources */,
				18F1899022AAFA4A0028314F /* Main.storyboard in Resources */,
			);
			runOnlyForDeploymentPostprocessing = 0;
		};
		18F1899922AAFA4B0028314F /* Resources */ = {
			isa = PBXResourcesBuildPhase;
			buildActionMask = 2147483647;
			files = (
			);
			runOnlyForDeploymentPostprocessing = 0;
		};
		18F189A422AAFA4C0028314F /* Resources */ = {
			isa = PBXResourcesBuildPhase;
			buildActionMask = 2147483647;
			files = (
			);
			runOnlyForDeploymentPostprocessing = 0;
		};
/* End PBXResourcesBuildPhase section */

/* Begin PBXSourcesBuildPhase section */
		18F1898322AAFA4A0028314F /* Sources */ = {
			isa = PBXSourcesBuildPhase;
			buildActionMask = 2147483647;
			files = (
				18F1898D22AAFA4A0028314F /* ViewController.swift in Sources */,
				18F1898B22AAFA4A0028314F /* AppDelegate.swift in Sources */,
			);
			runOnlyForDeploymentPostprocessing = 0;
		};
		18F1899722AAFA4B0028314F /* Sources */ = {
			isa = PBXSourcesBuildPhase;
			buildActionMask = 2147483647;
			files = (
				18F189A022AAFA4C0028314F /* emojinalTests.swift in Sources */,
			);
			runOnlyForDeploymentPostprocessing = 0;
		};
		18F189A222AAFA4C0028314F /* Sources */ = {
			isa = PBXSourcesBuildPhase;
			buildActionMask = 2147483647;
			files = (
				18F189AB22AAFA4C0028314F /* emojinalUITests.swift in Sources */,
			);
			runOnlyForDeploymentPostprocessing = 0;
		};
/* End PBXSourcesBuildPhase section */

/* Begin PBXTargetDependency section */
		18F1899D22AAFA4B0028314F /* PBXTargetDependency */ = {
			isa = PBXTargetDependency;
			target = 18F1898622AAFA4A0028314F /* emojinal */;
			targetProxy = 18F1899C22AAFA4B0028314F /* PBXContainerItemProxy */;
		};
		18F189A822AAFA4C0028314F /* PBXTargetDependency */ = {
			isa = PBXTargetDependency;
			target = 18F1898622AAFA4A0028314F /* emojinal */;
			targetProxy = 18F189A722AAFA4C0028314F /* PBXContainerItemProxy */;
		};
/* End PBXTargetDependency section */

/* Begin PBXVariantGroup section */
		18F1898E22AAFA4A0028314F /* Main.storyboard */ = {
			isa = PBXVariantGroup;
			children = (
				18F1898F22AAFA4A0028314F /* Base */,
			);
			name = Main.storyboard;
			sourceTree = "<group>";
		};
		18F1899322AAFA4B0028314F /* LaunchScreen.storyboard */ = {
			isa = PBXVariantGroup;
			children = (
				18F1899422AAFA4B0028314F /* Base */,
			);
			name = LaunchScreen.storyboard;
			sourceTree = "<group>";
		};
/* End PBXVariantGroup section */

/* Begin XCBuildConfiguration section */
		18F189AD22AAFA4C0028314F /* Debug */ = {
			isa = XCBuildConfiguration;
			buildSettings = {
				ALWAYS_SEARCH_USER_PATHS = NO;
				CLANG_ANALYZER_NONNULL = YES;
				CLANG_ANALYZER_NUMBER_OBJECT_CONVERSION = YES_AGGRESSIVE;
				CLANG_CXX_LANGUAGE_STANDARD = "gnu++14";
				CLANG_CXX_LIBRARY = "libc++";
				CLANG_ENABLE_MODULES = YES;
				CLANG_ENABLE_OBJC_ARC = YES;
				CLANG_ENABLE_OBJC_WEAK = YES;
				CLANG_WARN_BLOCK_CAPTURE_AUTORELEASING = YES;
				CLANG_WARN_BOOL_CONVERSION = YES;
				CLANG_WARN_COMMA = YES;
				CLANG_WARN_CONSTANT_CONVERSION = YES;
				CLANG_WARN_DEPRECATED_OBJC_IMPLEMENTATIONS = YES;
				CLANG_WARN_DIRECT_OBJC_ISA_USAGE = YES_ERROR;
				CLANG_WARN_DOCUMENTATION_COMMENTS = YES;
				CLANG_WARN_EMPTY_BODY = YES;
				CLANG_WARN_ENUM_CONVERSION = YES;
				CLANG_WARN_INFINITE_RECURSION = YES;
				CLANG_WARN_INT_CONVERSION = YES;
				CLANG_WARN_NON_LITERAL_NULL_CONVERSION = YES;
				CLANG_WARN_OBJC_IMPLICIT_RETAIN_SELF = YES;
				CLANG_WARN_OBJC_LITERAL_CONVERSION = YES;
				CLANG_WARN_OBJC_ROOT_CLASS = YES_ERROR;
				CLANG_WARN_RANGE_LOOP_ANALYSIS = YES;
				CLANG_WARN_STRICT_PROTOTYPES = YES;
				CLANG_WARN_SUSPICIOUS_MOVE = YES;
				CLANG_WARN_UNGUARDED_AVAILABILITY = YES_AGGRESSIVE;
				CLANG_WARN_UNREACHABLE_CODE = YES;
				CLANG_WARN__DUPLICATE_METHOD_MATCH = YES;
				CODE_SIGN_IDENTITY = "iPhone Developer";
				COPY_PHASE_STRIP = NO;
				DEBUG_INFORMATION_FORMAT = dwarf;
				ENABLE_STRICT_OBJC_MSGSEND = YES;
				ENABLE_TESTABILITY = YES;
				GCC_C_LANGUAGE_STANDARD = gnu11;
				GCC_DYNAMIC_NO_PIC = NO;
				GCC_NO_COMMON_BLOCKS = YES;
				GCC_OPTIMIZATION_LEVEL = 0;
				GCC_PREPROCESSOR_DEFINITIONS = (
					"DEBUG=1",
					"$(inherited)",
				);
				GCC_WARN_64_TO_32_BIT_CONVERSION = YES;
				GCC_WARN_ABOUT_RETURN_TYPE = YES_ERROR;
				GCC_WARN_UNDECLARED_SELECTOR = YES;
				GCC_WARN_UNINITIALIZED_AUTOS = YES_AGGRESSIVE;
				GCC_WARN_UNUSED_FUNCTION = YES;
				GCC_WARN_UNUSED_VARIABLE = YES;
				IPHONEOS_DEPLOYMENT_TARGET = 12.2;
				MTL_ENABLE_DEBUG_INFO = INCLUDE_SOURCE;
				MTL_FAST_MATH = YES;
				ONLY_ACTIVE_ARCH = YES;
				SDKROOT = iphoneos;
				SWIFT_ACTIVE_COMPILATION_CONDITIONS = DEBUG;
				SWIFT_OPTIMIZATION_LEVEL = "-Onone";
			};
			name = Debug;
		};
		18F189AE22AAFA4C0028314F /* Release */ = {
			isa = XCBuildConfiguration;
			buildSettings = {
				ALWAYS_SEARCH_USER_PATHS = NO;
				CLANG_ANALYZER_NONNULL = YES;
				CLANG_ANALYZER_NUMBER_OBJECT_CONVERSION = YES_AGGRESSIVE;
				CLANG_CXX_LANGUAGE_STANDARD = "gnu++14";
				CLANG_CXX_LIBRARY = "libc++";
				CLANG_ENABLE_MODULES = YES;
				CLANG_ENABLE_OBJC_ARC = YES;
				CLANG_ENABLE_OBJC_WEAK = YES;
				CLANG_WARN_BLOCK_CAPTURE_AUTORELEASING = YES;
				CLANG_WARN_BOOL_CONVERSION = YES;
				CLANG_WARN_COMMA = YES;
				CLANG_WARN_CONSTANT_CONVERSION = YES;
				CLANG_WARN_DEPRECATED_OBJC_IMPLEMENTATIONS = YES;
				CLANG_WARN_DIRECT_OBJC_ISA_USAGE = YES_ERROR;
				CLANG_WARN_DOCUMENTATION_COMMENTS = YES;
				CLANG_WARN_EMPTY_BODY = YES;
				CLANG_WARN_ENUM_CONVERSION = YES;
				CLANG_WARN_INFINITE_RECURSION = YES;
				CLANG_WARN_INT_CONVERSION = YES;
				CLANG_WARN_NON_LITERAL_NULL_CONVERSION = YES;
				CLANG_WARN_OBJC_IMPLICIT_RETAIN_SELF = YES;
				CLANG_WARN_OBJC_LITERAL_CONVERSION = YES;
				CLANG_WARN_OBJC_ROOT_CLASS = YES_ERROR;
				CLANG_WARN_RANGE_LOOP_ANALYSIS = YES;
				CLANG_WARN_STRICT_PROTOTYPES = YES;
				CLANG_WARN_SUSPICIOUS_MOVE = YES;
				CLANG_WARN_UNGUARDED_AVAILABILITY = YES_AGGRESSIVE;
				CLANG_WARN_UNREACHABLE_CODE = YES;
				CLANG_WARN__DUPLICATE_METHOD_MATCH = YES;
				CODE_SIGN_IDENTITY = "iPhone Developer";
				COPY_PHASE_STRIP = NO;
				DEBUG_INFORMATION_FORMAT = "dwarf-with-dsym";
				ENABLE_NS_ASSERTIONS = NO;
				ENABLE_STRICT_OBJC_MSGSEND = YES;
				GCC_C_LANGUAGE_STANDARD = gnu11;
				GCC_NO_COMMON_BLOCKS = YES;
				GCC_WARN_64_TO_32_BIT_CONVERSION = YES;
				GCC_WARN_ABOUT_RETURN_TYPE = YES_ERROR;
				GCC_WARN_UNDECLARED_SELECTOR = YES;
				GCC_WARN_UNINITIALIZED_AUTOS = YES_AGGRESSIVE;
				GCC_WARN_UNUSED_FUNCTION = YES;
				GCC_WARN_UNUSED_VARIABLE = YES;
				IPHONEOS_DEPLOYMENT_TARGET = 12.2;
				MTL_ENABLE_DEBUG_INFO = NO;
				MTL_FAST_MATH = YES;
				SDKROOT = iphoneos;
				SWIFT_COMPILATION_MODE = wholemodule;
				SWIFT_OPTIMIZATION_LEVEL = "-O";
				VALIDATE_PRODUCT = YES;
			};
			name = Release;
		};
		18F189B022AAFA4C0028314F /* Debug */ = {
			isa = XCBuildConfiguration;
			buildSettings = {
				ASSETCATALOG_COMPILER_APPICON_NAME = AppIcon;
				CODE_SIGN_STYLE = Automatic;
				INFOPLIST_FILE = emojinal/Info.plist;
				LD_RUNPATH_SEARCH_PATHS = (
					"$(inherited)",
					"@executable_path/Frameworks",
				);
				PRODUCT_BUNDLE_IDENTIFIER = "Rosy-Jackson.emojinal";
				PRODUCT_NAME = "$(TARGET_NAME)";
				SWIFT_VERSION = 5.0;
				TARGETED_DEVICE_FAMILY = "1,2";
			};
			name = Debug;
		};
		18F189B122AAFA4C0028314F /* Release */ = {
			isa = XCBuildConfiguration;
			buildSettings = {
				ASSETCATALOG_COMPILER_APPICON_NAME = AppIcon;
				CODE_SIGN_STYLE = Automatic;
				INFOPLIST_FILE = emojinal/Info.plist;
				LD_RUNPATH_SEARCH_PATHS = (
					"$(inherited)",
					"@executable_path/Frameworks",
				);
				PRODUCT_BUNDLE_IDENTIFIER = "Rosy-Jackson.emojinal";
				PRODUCT_NAME = "$(TARGET_NAME)";
				SWIFT_VERSION = 5.0;
				TARGETED_DEVICE_FAMILY = "1,2";
			};
			name = Release;
		};
		18F189B322AAFA4C0028314F /* Debug */ = {
			isa = XCBuildConfiguration;
			buildSettings = {
				ALWAYS_EMBED_SWIFT_STANDARD_LIBRARIES = YES;
				BUNDLE_LOADER = "$(TEST_HOST)";
				CODE_SIGN_STYLE = Automatic;
				INFOPLIST_FILE = emojinalTests/Info.plist;
				LD_RUNPATH_SEARCH_PATHS = (
					"$(inherited)",
					"@executable_path/Frameworks",
					"@loader_path/Frameworks",
				);
				PRODUCT_BUNDLE_IDENTIFIER = "Rosy-Jackson.emojinalTests";
				PRODUCT_NAME = "$(TARGET_NAME)";
				SWIFT_VERSION = 5.0;
				TARGETED_DEVICE_FAMILY = "1,2";
				TEST_HOST = "$(BUILT_PRODUCTS_DIR)/emojinal.app/emojinal";
			};
			name = Debug;
		};
		18F189B422AAFA4C0028314F /* Release */ = {
			isa = XCBuildConfiguration;
			buildSettings = {
				ALWAYS_EMBED_SWIFT_STANDARD_LIBRARIES = YES;
				BUNDLE_LOADER = "$(TEST_HOST)";
				CODE_SIGN_STYLE = Automatic;
				INFOPLIST_FILE = emojinalTests/Info.plist;
				LD_RUNPATH_SEARCH_PATHS = (
					"$(inherited)",
					"@executable_path/Frameworks",
					"@loader_path/Frameworks",
				);
				PRODUCT_BUNDLE_IDENTIFIER = "Rosy-Jackson.emojinalTests";
				PRODUCT_NAME = "$(TARGET_NAME)";
				SWIFT_VERSION = 5.0;
				TARGETED_DEVICE_FAMILY = "1,2";
				TEST_HOST = "$(BUILT_PRODUCTS_DIR)/emojinal.app/emojinal";
			};
			name = Release;
		};
		18F189B622AAFA4C0028314F /* Debug */ = {
			isa = XCBuildConfiguration;
			buildSettings = {
				ALWAYS_EMBED_SWIFT_STANDARD_LIBRARIES = YES;
				CODE_SIGN_STYLE = Automatic;
				INFOPLIST_FILE = emojinalUITests/Info.plist;
				LD_RUNPATH_SEARCH_PATHS = (
					"$(inherited)",
					"@executable_path/Frameworks",
					"@loader_path/Frameworks",
				);
				PRODUCT_BUNDLE_IDENTIFIER = "Rosy-Jackson.emojinalUITests";
				PRODUCT_NAME = "$(TARGET_NAME)";
				SWIFT_VERSION = 5.0;
				TARGETED_DEVICE_FAMILY = "1,2";
				TEST_TARGET_NAME = emojinal;
			};
			name = Debug;
		};
		18F189B722AAFA4C0028314F /* Release */ = {
			isa = XCBuildConfiguration;
			buildSettings = {
				ALWAYS_EMBED_SWIFT_STANDARD_LIBRARIES = YES;
				CODE_SIGN_STYLE = Automatic;
				INFOPLIST_FILE = emojinalUITests/Info.plist;
				LD_RUNPATH_SEARCH_PATHS = (
					"$(inherited)",
					"@executable_path/Frameworks",
					"@loader_path/Frameworks",
				);
				PRODUCT_BUNDLE_IDENTIFIER = "Rosy-Jackson.emojinalUITests";
				PRODUCT_NAME = "$(TARGET_NAME)";
				SWIFT_VERSION = 5.0;
				TARGETED_DEVICE_FAMILY = "1,2";
				TEST_TARGET_NAME = emojinal;
			};
			name = Release;
		};
/* End XCBuildConfiguration section */

/* Begin XCConfigurationList section */
		18F1898222AAFA4A0028314F /* Build configuration list for PBXProject "emojinal" */ = {
			isa = XCConfigurationList;
			buildConfigurations = (
				18F189AD22AAFA4C0028314F /* Debug */,
				18F189AE22AAFA4C0028314F /* Release */,
			);
			defaultConfigurationIsVisible = 0;
			defaultConfigurationName = Release;
		};
		18F189AF22AAFA4C0028314F /* Build configuration list for PBXNativeTarget "emojinal" */ = {
			isa = XCConfigurationList;
			buildConfigurations = (
				18F189B022AAFA4C0028314F /* Debug */,
				18F189B122AAFA4C0028314F /* Release */,
			);
			defaultConfigurationIsVisible = 0;
			defaultConfigurationName = Release;
		};
		18F189B222AAFA4C0028314F /* Build configuration list for PBXNativeTarget "emojinalTests" */ = {
			isa = XCConfigurationList;
			buildConfigurations = (
				18F189B322AAFA4C0028314F /* Debug */,
				18F189B422AAFA4C0028314F /* Release */,
			);
			defaultConfigurationIsVisible = 0;
			defaultConfigurationName = Release;
		};
		18F189B522AAFA4C0028314F /* Build configuration list for PBXNativeTarget "emojinalUITests" */ = {
			isa = XCConfigurationList;
			buildConfigurations = (
				18F189B622AAFA4C0028314F /* Debug */,
				18F189B722AAFA4C0028314F /* Release */,
			);
			defaultConfigurationIsVisible = 0;
			defaultConfigurationName = Release;
		};
/* End XCConfigurationList section */
	};
	rootObject = 18F1897F22AAFA4A0028314F /* Project object */;
}
